// !$*UTF8*$!
{
	archiveVersion = 1;
	classes = {
	};
	objectVersion = 46;
	objects = {

/* Begin PBXBuildFile section */
		8420023212E829A200E1E9CE /* OsiriXAPI.framework in Frameworks */ = {isa = PBXBuildFile; fileRef = 8420023112E829A200E1E9CE /* OsiriXAPI.framework */; settings = {ATTRIBUTES = (Weak, ); }; };
		8D5B49AE048680CD000E48DA /* Radiopaedia_Prefix.pch in Headers */ = {isa = PBXBuildFile; fileRef = 32DBCF630370AF2F00C91783 /* Radiopaedia_Prefix.pch */; };
		8D5B49B0048680CD000E48DA /* InfoPlist.strings in Resources */ = {isa = PBXBuildFile; fileRef = 089C167DFE841241C02AAC07 /* InfoPlist.strings */; };
		8D5B49B4048680CD000E48DA /* Cocoa.framework in Frameworks */ = {isa = PBXBuildFile; fileRef = 1058C7ADFEA557BF11CA2CBB /* Cocoa.framework */; };
		ABA48A650680BB600089EB4F /* RadiopaediaFilter.h in Headers */ = {isa = PBXBuildFile; fileRef = ABA48A640680BB600089EB4F /* RadiopaediaFilter.h */; };
		ABA48A670680BB690089EB4F /* RadiopaediaFilter.m in Sources */ = {isa = PBXBuildFile; fileRef = ABA48A660680BB690089EB4F /* RadiopaediaFilter.m */; };
		C3292B931CB69A09001F4F71 /* GTMOAuth2Authentication.h in Headers */ = {isa = PBXBuildFile; fileRef = C3292B8F1CB69A09001F4F71 /* GTMOAuth2Authentication.h */; };
		C3292B941CB69A09001F4F71 /* GTMOAuth2Authentication.m in Sources */ = {isa = PBXBuildFile; fileRef = C3292B901CB69A09001F4F71 /* GTMOAuth2Authentication.m */; };
		C3292B951CB69A09001F4F71 /* GTMOAuth2SignIn.h in Headers */ = {isa = PBXBuildFile; fileRef = C3292B911CB69A09001F4F71 /* GTMOAuth2SignIn.h */; };
		C3292B961CB69A09001F4F71 /* GTMOAuth2SignIn.m in Sources */ = {isa = PBXBuildFile; fileRef = C3292B921CB69A09001F4F71 /* GTMOAuth2SignIn.m */; };
		C3D1EC861CB69999003DF091 /* GTMGatherInputStream.h in Headers */ = {isa = PBXBuildFile; fileRef = C3D1EC731CB69999003DF091 /* GTMGatherInputStream.h */; };
		C3D1EC871CB69999003DF091 /* GTMGatherInputStream.m in Sources */ = {isa = PBXBuildFile; fileRef = C3D1EC741CB69999003DF091 /* GTMGatherInputStream.m */; };
		C3D1EC881CB69999003DF091 /* GTMHTTPFetcher.h in Headers */ = {isa = PBXBuildFile; fileRef = C3D1EC751CB69999003DF091 /* GTMHTTPFetcher.h */; };
		C3D1EC891CB69999003DF091 /* GTMHTTPFetcher.m in Sources */ = {isa = PBXBuildFile; fileRef = C3D1EC761CB69999003DF091 /* GTMHTTPFetcher.m */; };
		C3D1EC8A1CB69999003DF091 /* GTMHTTPFetcherLogging.h in Headers */ = {isa = PBXBuildFile; fileRef = C3D1EC771CB69999003DF091 /* GTMHTTPFetcherLogging.h */; };
		C3D1EC8B1CB69999003DF091 /* GTMHTTPFetcherLogging.m in Sources */ = {isa = PBXBuildFile; fileRef = C3D1EC781CB69999003DF091 /* GTMHTTPFetcherLogging.m */; };
		C3D1EC8C1CB69999003DF091 /* GTMHTTPFetcherService.h in Headers */ = {isa = PBXBuildFile; fileRef = C3D1EC791CB69999003DF091 /* GTMHTTPFetcherService.h */; };
		C3D1EC8D1CB69999003DF091 /* GTMHTTPFetcherService.m in Sources */ = {isa = PBXBuildFile; fileRef = C3D1EC7A1CB69999003DF091 /* GTMHTTPFetcherService.m */; };
		C3D1EC8E1CB69999003DF091 /* GTMHTTPFetchHistory.h in Headers */ = {isa = PBXBuildFile; fileRef = C3D1EC7B1CB69999003DF091 /* GTMHTTPFetchHistory.h */; };
		C3D1EC8F1CB69999003DF091 /* GTMHTTPFetchHistory.m in Sources */ = {isa = PBXBuildFile; fileRef = C3D1EC7C1CB69999003DF091 /* GTMHTTPFetchHistory.m */; };
		C3D1EC901CB69999003DF091 /* GTMHTTPUploadFetcher.h in Headers */ = {isa = PBXBuildFile; fileRef = C3D1EC7D1CB69999003DF091 /* GTMHTTPUploadFetcher.h */; };
		C3D1EC911CB69999003DF091 /* GTMHTTPUploadFetcher.m in Sources */ = {isa = PBXBuildFile; fileRef = C3D1EC7E1CB69999003DF091 /* GTMHTTPUploadFetcher.m */; };
		C3D1EC921CB69999003DF091 /* GTMMIMEDocument.h in Headers */ = {isa = PBXBuildFile; fileRef = C3D1EC7F1CB69999003DF091 /* GTMMIMEDocument.h */; };
		C3D1EC931CB69999003DF091 /* GTMMIMEDocument.m in Sources */ = {isa = PBXBuildFile; fileRef = C3D1EC801CB69999003DF091 /* GTMMIMEDocument.m */; };
		C3D1EC941CB69999003DF091 /* GTMOAuth2Window.xib in Resources */ = {isa = PBXBuildFile; fileRef = C3D1EC811CB69999003DF091 /* GTMOAuth2Window.xib */; };
		C3D1EC951CB69999003DF091 /* GTMOAuth2WindowController.h in Headers */ = {isa = PBXBuildFile; fileRef = C3D1EC821CB69999003DF091 /* GTMOAuth2WindowController.h */; };
		C3D1EC961CB69999003DF091 /* GTMOAuth2WindowController.m in Sources */ = {isa = PBXBuildFile; fileRef = C3D1EC831CB69999003DF091 /* GTMOAuth2WindowController.m */; };
		C3D1EC971CB69999003DF091 /* GTMReadMonitorInputStream.h in Headers */ = {isa = PBXBuildFile; fileRef = C3D1EC841CB69999003DF091 /* GTMReadMonitorInputStream.h */; };
		C3D1EC981CB69999003DF091 /* GTMReadMonitorInputStream.m in Sources */ = {isa = PBXBuildFile; fileRef = C3D1EC851CB69999003DF091 /* GTMReadMonitorInputStream.m */; };
/* End PBXBuildFile section */

/* Begin PBXFileReference section */
		089C1672FE841209C02AAC07 /* Foundation.framework */ = {isa = PBXFileReference; lastKnownFileType = wrapper.framework; name = Foundation.framework; path = /System/Library/Frameworks/Foundation.framework; sourceTree = "<absolute>"; };
		089C167EFE841241C02AAC07 /* English */ = {isa = PBXFileReference; fileEncoding = 10; lastKnownFileType = text.plist.strings; name = English; path = English.lproj/InfoPlist.strings; sourceTree = "<group>"; };
		089C167FFE841241C02AAC07 /* AppKit.framework */ = {isa = PBXFileReference; lastKnownFileType = wrapper.framework; name = AppKit.framework; path = /System/Library/Frameworks/AppKit.framework; sourceTree = "<absolute>"; };
		1058C7ADFEA557BF11CA2CBB /* Cocoa.framework */ = {isa = PBXFileReference; lastKnownFileType = wrapper.framework; name = Cocoa.framework; path = /System/Library/Frameworks/Cocoa.framework; sourceTree = "<absolute>"; };
		32DBCF630370AF2F00C91783 /* Radiopaedia_Prefix.pch */ = {isa = PBXFileReference; fileEncoding = 4; lastKnownFileType = sourcecode.c.h; path = Radiopaedia_Prefix.pch; sourceTree = "<group>"; };
		8420023112E829A200E1E9CE /* OsiriXAPI.framework */ = {isa = PBXFileReference; lastKnownFileType = wrapper.framework; path = OsiriXAPI.framework; sourceTree = "<group>"; };
		8D5B49B7048680CD000E48DA /* Info.plist */ = {isa = PBXFileReference; fileEncoding = 4; lastKnownFileType = text.plist.xml; path = Info.plist; sourceTree = "<group>"; };
		AB5D36050680E57E00F4007A /* Radiopaedia.osirixplugin */ = {isa = PBXFileReference; explicitFileType = wrapper.cfbundle; includeInIndex = 0; path = Radiopaedia.osirixplugin; sourceTree = BUILT_PRODUCTS_DIR; };
		ABA48A640680BB600089EB4F /* RadiopaediaFilter.h */ = {isa = PBXFileReference; fileEncoding = 30; lastKnownFileType = sourcecode.c.h; path = RadiopaediaFilter.h; sourceTree = "<group>"; };
		ABA48A660680BB690089EB4F /* RadiopaediaFilter.m */ = {isa = PBXFileReference; fileEncoding = 30; lastKnownFileType = sourcecode.c.objc; path = RadiopaediaFilter.m; sourceTree = "<group>"; };
		C3292B8F1CB69A09001F4F71 /* GTMOAuth2Authentication.h */ = {isa = PBXFileReference; fileEncoding = 4; lastKnownFileType = sourcecode.c.h; path = GTMOAuth2Authentication.h; sourceTree = "<group>"; };
		C3292B901CB69A09001F4F71 /* GTMOAuth2Authentication.m */ = {isa = PBXFileReference; fileEncoding = 4; lastKnownFileType = sourcecode.c.objc; path = GTMOAuth2Authentication.m; sourceTree = "<group>"; };
		C3292B911CB69A09001F4F71 /* GTMOAuth2SignIn.h */ = {isa = PBXFileReference; fileEncoding = 4; lastKnownFileType = sourcecode.c.h; path = GTMOAuth2SignIn.h; sourceTree = "<group>"; };
		C3292B921CB69A09001F4F71 /* GTMOAuth2SignIn.m */ = {isa = PBXFileReference; fileEncoding = 4; lastKnownFileType = sourcecode.c.objc; path = GTMOAuth2SignIn.m; sourceTree = "<group>"; };
		C3D1EC731CB69999003DF091 /* GTMGatherInputStream.h */ = {isa = PBXFileReference; fileEncoding = 4; lastKnownFileType = sourcecode.c.h; path = GTMGatherInputStream.h; sourceTree = "<group>"; };
		C3D1EC741CB69999003DF091 /* GTMGatherInputStream.m */ = {isa = PBXFileReference; fileEncoding = 4; lastKnownFileType = sourcecode.c.objc; path = GTMGatherInputStream.m; sourceTree = "<group>"; };
		C3D1EC751CB69999003DF091 /* GTMHTTPFetcher.h */ = {isa = PBXFileReference; fileEncoding = 4; lastKnownFileType = sourcecode.c.h; path = GTMHTTPFetcher.h; sourceTree = "<group>"; };
		C3D1EC761CB69999003DF091 /* GTMHTTPFetcher.m */ = {isa = PBXFileReference; fileEncoding = 4; lastKnownFileType = sourcecode.c.objc; path = GTMHTTPFetcher.m; sourceTree = "<group>"; };
		C3D1EC771CB69999003DF091 /* GTMHTTPFetcherLogging.h */ = {isa = PBXFileReference; fileEncoding = 4; lastKnownFileType = sourcecode.c.h; path = GTMHTTPFetcherLogging.h; sourceTree = "<group>"; };
		C3D1EC781CB69999003DF091 /* GTMHTTPFetcherLogging.m */ = {isa = PBXFileReference; fileEncoding = 4; lastKnownFileType = sourcecode.c.objc; path = GTMHTTPFetcherLogging.m; sourceTree = "<group>"; };
		C3D1EC791CB69999003DF091 /* GTMHTTPFetcherService.h */ = {isa = PBXFileReference; fileEncoding = 4; lastKnownFileType = sourcecode.c.h; path = GTMHTTPFetcherService.h; sourceTree = "<group>"; };
		C3D1EC7A1CB69999003DF091 /* GTMHTTPFetcherService.m */ = {isa = PBXFileReference; fileEncoding = 4; lastKnownFileType = sourcecode.c.objc; path = GTMHTTPFetcherService.m; sourceTree = "<group>"; };
		C3D1EC7B1CB69999003DF091 /* GTMHTTPFetchHistory.h */ = {isa = PBXFileReference; fileEncoding = 4; lastKnownFileType = sourcecode.c.h; path = GTMHTTPFetchHistory.h; sourceTree = "<group>"; };
		C3D1EC7C1CB69999003DF091 /* GTMHTTPFetchHistory.m */ = {isa = PBXFileReference; fileEncoding = 4; lastKnownFileType = sourcecode.c.objc; path = GTMHTTPFetchHistory.m; sourceTree = "<group>"; };
		C3D1EC7D1CB69999003DF091 /* GTMHTTPUploadFetcher.h */ = {isa = PBXFileReference; fileEncoding = 4; lastKnownFileType = sourcecode.c.h; path = GTMHTTPUploadFetcher.h; sourceTree = "<group>"; };
		C3D1EC7E1CB69999003DF091 /* GTMHTTPUploadFetcher.m */ = {isa = PBXFileReference; fileEncoding = 4; lastKnownFileType = sourcecode.c.objc; path = GTMHTTPUploadFetcher.m; sourceTree = "<group>"; };
		C3D1EC7F1CB69999003DF091 /* GTMMIMEDocument.h */ = {isa = PBXFileReference; fileEncoding = 4; lastKnownFileType = sourcecode.c.h; path = GTMMIMEDocument.h; sourceTree = "<group>"; };
		C3D1EC801CB69999003DF091 /* GTMMIMEDocument.m */ = {isa = PBXFileReference; fileEncoding = 4; lastKnownFileType = sourcecode.c.objc; path = GTMMIMEDocument.m; sourceTree = "<group>"; };
		C3D1EC811CB69999003DF091 /* GTMOAuth2Window.xib */ = {isa = PBXFileReference; fileEncoding = 4; lastKnownFileType = file.xib; path = GTMOAuth2Window.xib; sourceTree = "<group>"; };
		C3D1EC821CB69999003DF091 /* GTMOAuth2WindowController.h */ = {isa = PBXFileReference; fileEncoding = 4; lastKnownFileType = sourcecode.c.h; path = GTMOAuth2WindowController.h; sourceTree = "<group>"; };
		C3D1EC831CB69999003DF091 /* GTMOAuth2WindowController.m */ = {isa = PBXFileReference; fileEncoding = 4; lastKnownFileType = sourcecode.c.objc; path = GTMOAuth2WindowController.m; sourceTree = "<group>"; };
		C3D1EC841CB69999003DF091 /* GTMReadMonitorInputStream.h */ = {isa = PBXFileReference; fileEncoding = 4; lastKnownFileType = sourcecode.c.h; path = GTMReadMonitorInputStream.h; sourceTree = "<group>"; };
		C3D1EC851CB69999003DF091 /* GTMReadMonitorInputStream.m */ = {isa = PBXFileReference; fileEncoding = 4; lastKnownFileType = sourcecode.c.objc; path = GTMReadMonitorInputStream.m; sourceTree = "<group>"; };
/* End PBXFileReference section */

/* Begin PBXFrameworksBuildPhase section */
		8D5B49B3048680CD000E48DA /* Frameworks */ = {
			isa = PBXFrameworksBuildPhase;
			buildActionMask = 2147483647;
			files = (
				8D5B49B4048680CD000E48DA /* Cocoa.framework in Frameworks */,
				8420023212E829A200E1E9CE /* OsiriXAPI.framework in Frameworks */,
			);
			runOnlyForDeploymentPostprocessing = 0;
		};
/* End PBXFrameworksBuildPhase section */

/* Begin PBXGroup section */
		089C166AFE841209C02AAC07 /* Radiopaedia */ = {
			isa = PBXGroup;
			children = (
				08FB77AFFE84173DC02AAC07 /* Classes */,
				32C88E010371C26100C91783 /* Other Sources */,
				089C167CFE841241C02AAC07 /* Resources */,
				089C1671FE841209C02AAC07 /* Frameworks and Libraries */,
				19C28FB8FE9D52D311CA2CBB /* Products */,
			);
			name = Radiopaedia;
			sourceTree = "<group>";
		};
		089C1671FE841209C02AAC07 /* Frameworks and Libraries */ = {
			isa = PBXGroup;
			children = (
				8420023112E829A200E1E9CE /* OsiriXAPI.framework */,
				1058C7ACFEA557BF11CA2CBB /* Linked Frameworks */,
				1058C7AEFEA557BF11CA2CBB /* Other Frameworks */,
			);
			name = "Frameworks and Libraries";
			sourceTree = "<group>";
		};
		089C167CFE841241C02AAC07 /* Resources */ = {
			isa = PBXGroup;
			children = (
				8D5B49B7048680CD000E48DA /* Info.plist */,
				089C167DFE841241C02AAC07 /* InfoPlist.strings */,
			);
			name = Resources;
			sourceTree = "<group>";
		};
		08FB77AFFE84173DC02AAC07 /* Classes */ = {
			isa = PBXGroup;
			children = (
				AB2C26750677B0C400A08910 /* RadiopaediaFilter */,
			);
			name = Classes;
			sourceTree = "<group>";
		};
		1058C7ACFEA557BF11CA2CBB /* Linked Frameworks */ = {
			isa = PBXGroup;
			children = (
				1058C7ADFEA557BF11CA2CBB /* Cocoa.framework */,
			);
			name = "Linked Frameworks";
			sourceTree = "<group>";
		};
		1058C7AEFEA557BF11CA2CBB /* Other Frameworks */ = {
			isa = PBXGroup;
			children = (
				089C1672FE841209C02AAC07 /* Foundation.framework */,
				089C167FFE841241C02AAC07 /* AppKit.framework */,
			);
			name = "Other Frameworks";
			sourceTree = "<group>";
		};
		19C28FB8FE9D52D311CA2CBB /* Products */ = {
			isa = PBXGroup;
			children = (
				AB5D36050680E57E00F4007A /* Radiopaedia.osirixplugin */,
			);
			name = Products;
			sourceTree = "<group>";
		};
		32C88E010371C26100C91783 /* Other Sources */ = {
			isa = PBXGroup;
			children = (
				32DBCF630370AF2F00C91783 /* Radiopaedia_Prefix.pch */,
			);
			name = "Other Sources";
			sourceTree = "<group>";
		};
		AB2C26750677B0C400A08910 /* RadiopaediaFilter */ = {
			isa = PBXGroup;
			children = (
				C3292B8F1CB69A09001F4F71 /* GTMOAuth2Authentication.h */,
				C3292B901CB69A09001F4F71 /* GTMOAuth2Authentication.m */,
				C3292B911CB69A09001F4F71 /* GTMOAuth2SignIn.h */,
				C3292B921CB69A09001F4F71 /* GTMOAuth2SignIn.m */,
				C3D1EC731CB69999003DF091 /* GTMGatherInputStream.h */,
				C3D1EC741CB69999003DF091 /* GTMGatherInputStream.m */,
				C3D1EC751CB69999003DF091 /* GTMHTTPFetcher.h */,
				C3D1EC761CB69999003DF091 /* GTMHTTPFetcher.m */,
				C3D1EC771CB69999003DF091 /* GTMHTTPFetcherLogging.h */,
				C3D1EC781CB69999003DF091 /* GTMHTTPFetcherLogging.m */,
				C3D1EC791CB69999003DF091 /* GTMHTTPFetcherService.h */,
				C3D1EC7A1CB69999003DF091 /* GTMHTTPFetcherService.m */,
				C3D1EC7B1CB69999003DF091 /* GTMHTTPFetchHistory.h */,
				C3D1EC7C1CB69999003DF091 /* GTMHTTPFetchHistory.m */,
				C3D1EC7D1CB69999003DF091 /* GTMHTTPUploadFetcher.h */,
				C3D1EC7E1CB69999003DF091 /* GTMHTTPUploadFetcher.m */,
				C3D1EC7F1CB69999003DF091 /* GTMMIMEDocument.h */,
				C3D1EC801CB69999003DF091 /* GTMMIMEDocument.m */,
				C3D1EC811CB69999003DF091 /* GTMOAuth2Window.xib */,
				C3D1EC821CB69999003DF091 /* GTMOAuth2WindowController.h */,
				C3D1EC831CB69999003DF091 /* GTMOAuth2WindowController.m */,
				C3D1EC841CB69999003DF091 /* GTMReadMonitorInputStream.h */,
				C3D1EC851CB69999003DF091 /* GTMReadMonitorInputStream.m */,
				ABA48A640680BB600089EB4F /* RadiopaediaFilter.h */,
				ABA48A660680BB690089EB4F /* RadiopaediaFilter.m */,
			);
			name = RadiopaediaFilter;
			sourceTree = "<group>";
		};
/* End PBXGroup section */

/* Begin PBXHeadersBuildPhase section */
		8D5B49AD048680CD000E48DA /* Headers */ = {
			isa = PBXHeadersBuildPhase;
			buildActionMask = 2147483647;
			files = (
				8D5B49AE048680CD000E48DA /* Radiopaedia_Prefix.pch in Headers */,
				C3D1EC8C1CB69999003DF091 /* GTMHTTPFetcherService.h in Headers */,
				C3D1EC901CB69999003DF091 /* GTMHTTPUploadFetcher.h in Headers */,
				C3D1EC861CB69999003DF091 /* GTMGatherInputStream.h in Headers */,
				C3D1EC971CB69999003DF091 /* GTMReadMonitorInputStream.h in Headers */,
				C3D1EC951CB69999003DF091 /* GTMOAuth2WindowController.h in Headers */,
				C3292B951CB69A09001F4F71 /* GTMOAuth2SignIn.h in Headers */,
				C3292B931CB69A09001F4F71 /* GTMOAuth2Authentication.h in Headers */,
				ABA48A650680BB600089EB4F /* RadiopaediaFilter.h in Headers */,
				C3D1EC921CB69999003DF091 /* GTMMIMEDocument.h in Headers */,
				C3D1EC8A1CB69999003DF091 /* GTMHTTPFetcherLogging.h in Headers */,
				C3D1EC8E1CB69999003DF091 /* GTMHTTPFetchHistory.h in Headers */,
				C3D1EC881CB69999003DF091 /* GTMHTTPFetcher.h in Headers */,
			);
			runOnlyForDeploymentPostprocessing = 0;
		};
/* End PBXHeadersBuildPhase section */

/* Begin PBXNativeTarget section */
		8D5B49AC048680CD000E48DA /* Radiopaedia */ = {
			isa = PBXNativeTarget;
			buildConfigurationList = CE6A9A9008AC841300D0C1EE /* Build configuration list for PBXNativeTarget "Radiopaedia" */;
			buildPhases = (
				8D5B49AD048680CD000E48DA /* Headers */,
				8D5B49AF048680CD000E48DA /* Resources */,
				8D5B49B1048680CD000E48DA /* Sources */,
				8D5B49B3048680CD000E48DA /* Frameworks */,
				8D5B49B5048680CD000E48DA /* Rez */,
			);
			buildRules = (
			);
			dependencies = (
			);
			name = Radiopaedia;
			productInstallPath = "$(HOME)/Library/Bundles";
			productName = Invert;
			productReference = AB5D36050680E57E00F4007A /* Radiopaedia.osirixplugin */;
			productType = "com.apple.product-type.bundle";
		};
/* End PBXNativeTarget section */

/* Begin PBXProject section */
		089C1669FE841209C02AAC07 /* Project object */ = {
			isa = PBXProject;
			attributes = {
				LastUpgradeCheck = 0730;
			};
			buildConfigurationList = CE6A9A9408AC841300D0C1EE /* Build configuration list for PBXProject "Radiopaedia" */;
			compatibilityVersion = "Xcode 3.2";
			developmentRegion = English;
			hasScannedForEncodings = 1;
			knownRegions = (
				English,
				Japanese,
				French,
				German,
			);
			mainGroup = 089C166AFE841209C02AAC07 /* Radiopaedia */;
			projectDirPath = "";
			projectRoot = "";
			targets = (
				8D5B49AC048680CD000E48DA /* Radiopaedia */,
			);
		};
/* End PBXProject section */

/* Begin PBXResourcesBuildPhase section */
		8D5B49AF048680CD000E48DA /* Resources */ = {
			isa = PBXResourcesBuildPhase;
			buildActionMask = 2147483647;
			files = (
				8D5B49B0048680CD000E48DA /* InfoPlist.strings in Resources */,
				C3D1EC941CB69999003DF091 /* GTMOAuth2Window.xib in Resources */,
			);
			runOnlyForDeploymentPostprocessing = 0;
		};
/* End PBXResourcesBuildPhase section */

/* Begin PBXRezBuildPhase section */
		8D5B49B5048680CD000E48DA /* Rez */ = {
			isa = PBXRezBuildPhase;
			buildActionMask = 2147483647;
			files = (
			);
			runOnlyForDeploymentPostprocessing = 0;
		};
/* End PBXRezBuildPhase section */

/* Begin PBXSourcesBuildPhase section */
		8D5B49B1048680CD000E48DA /* Sources */ = {
			isa = PBXSourcesBuildPhase;
			buildActionMask = 2147483647;
			files = (
				C3D1EC891CB69999003DF091 /* GTMHTTPFetcher.m in Sources */,
				C3D1EC911CB69999003DF091 /* GTMHTTPUploadFetcher.m in Sources */,
				C3D1EC871CB69999003DF091 /* GTMGatherInputStream.m in Sources */,
				C3D1EC931CB69999003DF091 /* GTMMIMEDocument.m in Sources */,
				C3292B941CB69A09001F4F71 /* GTMOAuth2Authentication.m in Sources */,
				C3D1EC8B1CB69999003DF091 /* GTMHTTPFetcherLogging.m in Sources */,
				C3D1EC961CB69999003DF091 /* GTMOAuth2WindowController.m in Sources */,
				C3292B961CB69A09001F4F71 /* GTMOAuth2SignIn.m in Sources */,
				C3D1EC981CB69999003DF091 /* GTMReadMonitorInputStream.m in Sources */,
				C3D1EC8D1CB69999003DF091 /* GTMHTTPFetcherService.m in Sources */,
				C3D1EC8F1CB69999003DF091 /* GTMHTTPFetchHistory.m in Sources */,
				ABA48A670680BB690089EB4F /* RadiopaediaFilter.m in Sources */,
			);
			runOnlyForDeploymentPostprocessing = 0;
		};
/* End PBXSourcesBuildPhase section */

/* Begin PBXVariantGroup section */
		089C167DFE841241C02AAC07 /* InfoPlist.strings */ = {
			isa = PBXVariantGroup;
			children = (
				089C167EFE841241C02AAC07 /* English */,
			);
			name = InfoPlist.strings;
			sourceTree = "<group>";
		};
/* End PBXVariantGroup section */

/* Begin XCBuildConfiguration section */
		CE6A9A9108AC841300D0C1EE /* Development */ = {
			isa = XCBuildConfiguration;
			buildSettings = {
				COMBINE_HIDPI_IMAGES = YES;
				COPY_PHASE_STRIP = NO;
				DEBUGGING_SYMBOLS = YES;
				FRAMEWORK_SEARCH_PATHS = (
					"$(inherited)",
					"\"$(SRCROOT)\"",
				);
				GCC_DYNAMIC_NO_PIC = NO;
				GCC_ENABLE_FIX_AND_CONTINUE = YES;
				GCC_ENABLE_TRIGRAPHS = NO;
				GCC_GENERATE_DEBUGGING_SYMBOLS = YES;
				GCC_OPTIMIZATION_LEVEL = 0;
				GCC_PRECOMPILE_PREFIX_HEADER = YES;
				GCC_PREFIX_HEADER = Radiopaedia_Prefix.pch;
				GCC_WARN_FOUR_CHARACTER_CONSTANTS = NO;
				GCC_WARN_UNKNOWN_PRAGMAS = NO;
				HEADER_SEARCH_PATHS = "";
				INFOPLIST_FILE = Info.plist;
				INSTALL_PATH = "@executable_path/../Plug-ins";
				LIBRARY_SEARCH_PATHS = "";
				LIBRARY_STYLE = Bundle;
				MACOSX_DEPLOYMENT_TARGET = 10.11;
				OTHER_CFLAGS = "";
				OTHER_LDFLAGS = (
					"-undefined",
					dynamic_lookup,
				);
				OTHER_REZFLAGS = "";
				PRODUCT_NAME = Radiopaedia;
				SDKROOT = macosx;
				SECTORDER_FLAGS = "";
				WARNING_CFLAGS = (
					"-Wmost",
					"-Wno-four-char-constants",
					"-Wno-unknown-pragmas",
				);
				WRAPPER_EXTENSION = osirixplugin;
				ZERO_LINK = NO;
			};
			name = Development;
		};
		CE6A9A9208AC841300D0C1EE /* Deployment */ = {
			isa = XCBuildConfiguration;
			buildSettings = {
				COMBINE_HIDPI_IMAGES = YES;
				COPY_PHASE_STRIP = YES;
				FRAMEWORK_SEARCH_PATHS = (
					"$(inherited)",
					"\"$(SRCROOT)\"",
				);
				GCC_ENABLE_FIX_AND_CONTINUE = NO;
				GCC_ENABLE_TRIGRAPHS = NO;
				GCC_PRECOMPILE_PREFIX_HEADER = YES;
				GCC_PREFIX_HEADER = Radiopaedia_Prefix.pch;
				GCC_WARN_FOUR_CHARACTER_CONSTANTS = NO;
				GCC_WARN_UNKNOWN_PRAGMAS = NO;
				HEADER_SEARCH_PATHS = "";
				INFOPLIST_FILE = Info.plist;
				INSTALL_PATH = "@executable_path/../Plug-ins";
				LIBRARY_SEARCH_PATHS = "";
				LIBRARY_STYLE = Bundle;
				MACOSX_DEPLOYMENT_TARGET = 10.11;
				OTHER_CFLAGS = "";
				OTHER_LDFLAGS = (
					"-undefined",
					dynamic_lookup,
				);
				OTHER_REZFLAGS = "";
				PRODUCT_NAME = Radiopaedia;
				SDKROOT = macosx;
				SECTORDER_FLAGS = "";
				WARNING_CFLAGS = (
					"-Wmost",
					"-Wno-four-char-constants",
					"-Wno-unknown-pragmas",
				);
				WRAPPER_EXTENSION = osirixplugin;
				ZERO_LINK = NO;
			};
			name = Deployment;
		};
		CE6A9A9508AC841300D0C1EE /* Development */ = {
			isa = XCBuildConfiguration;
			buildSettings = {
				ENABLE_TESTABILITY = YES;
				GCC_PREPROCESSOR_DEFINITIONS = "GTM_ALLOW_INSECURE_REQUESTS=1";
				MACOSX_DEPLOYMENT_TARGET = 10.11;
				ONLY_ACTIVE_ARCH = YES;
				SDKROOT = macosx;
			};
			name = Development;
		};
		CE6A9A9608AC841300D0C1EE /* Deployment */ = {
			isa = XCBuildConfiguration;
			buildSettings = {
				GCC_PREPROCESSOR_DEFINITIONS = "GTM_ALLOW_INSECURE_REQUESTS=1";
				MACOSX_DEPLOYMENT_TARGET = 10.11;
				SDKROOT = macosx;
			};
			name = Deployment;
		};
/* End XCBuildConfiguration section */

/* Begin XCConfigurationList section */
		CE6A9A9008AC841300D0C1EE /* Build configuration list for PBXNativeTarget "Radiopaedia" */ = {
			isa = XCConfigurationList;
			buildConfigurations = (
				CE6A9A9108AC841300D0C1EE /* Development */,
				CE6A9A9208AC841300D0C1EE /* Deployment */,
			);
			defaultConfigurationIsVisible = 0;
			defaultConfigurationName = Development;
		};
		CE6A9A9408AC841300D0C1EE /* Build configuration list for PBXProject "Radiopaedia" */ = {
			isa = XCConfigurationList;
			buildConfigurations = (
				CE6A9A9508AC841300D0C1EE /* Development */,
				CE6A9A9608AC841300D0C1EE /* Deployment */,
			);
			defaultConfigurationIsVisible = 0;
			defaultConfigurationName = Development;
		};
/* End XCConfigurationList section */
	};
	rootObject = 089C1669FE841209C02AAC07 /* Project object */;
}
