<?xml version="1.0" encoding="UTF-8"?>
<!DOCTYPE plist PUBLIC "-//Apple//DTD PLIST 1.0//EN" "http://www.apple.com/DTDs/PropertyList-1.0.dtd">
<plist version="1.0">
<dict>
	<key>archiveVersion</key>
	<string>1</string>
	<key>classes</key>
	<dict/>
	<key>objectVersion</key>
	<string>46</string>
	<key>objects</key>
	<dict>
		<key>089C1669FE841209C02AAC07</key>
		<dict>
			<key>attributes</key>
			<dict>
				<key>LastUpgradeCheck</key>
				<string>0730</string>
			</dict>
			<key>buildConfigurationList</key>
			<string>CE6A9A9408AC841300D0C1EE</string>
			<key>compatibilityVersion</key>
			<string>Xcode 3.2</string>
			<key>developmentRegion</key>
			<string>English</string>
			<key>hasScannedForEncodings</key>
			<string>1</string>
			<key>isa</key>
			<string>PBXProject</string>
			<key>knownRegions</key>
			<array>
				<string>English</string>
				<string>Japanese</string>
				<string>French</string>
				<string>German</string>
			</array>
			<key>mainGroup</key>
			<string>089C166AFE841209C02AAC07</string>
			<key>projectDirPath</key>
			<string></string>
			<key>projectReferences</key>
			<array/>
			<key>projectRoot</key>
			<string></string>
			<key>targets</key>
			<array>
				<string>8D5B49AC048680CD000E48DA</string>
			</array>
		</dict>
		<key>089C166AFE841209C02AAC07</key>
		<dict>
			<key>children</key>
			<array>
				<string>08FB77AFFE84173DC02AAC07</string>
				<string>32C88E010371C26100C91783</string>
				<string>089C167CFE841241C02AAC07</string>
				<string>089C1671FE841209C02AAC07</string>
				<string>19C28FB8FE9D52D311CA2CBB</string>
				<string>6BD8FF33642867D5227137D1</string>
				<string>838C0B8C7E003A2F66C9217C</string>
			</array>
			<key>isa</key>
			<string>PBXGroup</string>
			<key>name</key>
			<string>Radiopaedia</string>
			<key>sourceTree</key>
			<string>&lt;group&gt;</string>
		</dict>
		<key>089C1671FE841209C02AAC07</key>
		<dict>
			<key>children</key>
			<array>
				<string>8420023112E829A200E1E9CE</string>
				<string>1058C7ACFEA557BF11CA2CBB</string>
				<string>1058C7AEFEA557BF11CA2CBB</string>
			</array>
			<key>isa</key>
			<string>PBXGroup</string>
			<key>name</key>
			<string>Frameworks and Libraries</string>
			<key>sourceTree</key>
			<string>&lt;group&gt;</string>
		</dict>
		<key>089C1672FE841209C02AAC07</key>
		<dict>
			<key>isa</key>
			<string>PBXFileReference</string>
			<key>lastKnownFileType</key>
			<string>wrapper.framework</string>
			<key>name</key>
			<string>Foundation.framework</string>
			<key>path</key>
			<string>/System/Library/Frameworks/Foundation.framework</string>
			<key>sourceTree</key>
			<string>&lt;absolute&gt;</string>
		</dict>
		<key>089C167CFE841241C02AAC07</key>
		<dict>
			<key>children</key>
			<array>
				<string>8D5B49B7048680CD000E48DA</string>
				<string>089C167DFE841241C02AAC07</string>
			</array>
			<key>isa</key>
			<string>PBXGroup</string>
			<key>name</key>
			<string>Resources</string>
			<key>sourceTree</key>
			<string>&lt;group&gt;</string>
		</dict>
		<key>089C167DFE841241C02AAC07</key>
		<dict>
			<key>children</key>
			<array>
				<string>089C167EFE841241C02AAC07</string>
			</array>
			<key>isa</key>
			<string>PBXVariantGroup</string>
			<key>name</key>
			<string>InfoPlist.strings</string>
			<key>sourceTree</key>
			<string>&lt;group&gt;</string>
		</dict>
		<key>089C167EFE841241C02AAC07</key>
		<dict>
			<key>fileEncoding</key>
			<string>10</string>
			<key>isa</key>
			<string>PBXFileReference</string>
			<key>lastKnownFileType</key>
			<string>text.plist.strings</string>
			<key>name</key>
			<string>English</string>
			<key>path</key>
			<string>English.lproj/InfoPlist.strings</string>
			<key>sourceTree</key>
			<string>&lt;group&gt;</string>
		</dict>
		<key>089C167FFE841241C02AAC07</key>
		<dict>
			<key>isa</key>
			<string>PBXFileReference</string>
			<key>lastKnownFileType</key>
			<string>wrapper.framework</string>
			<key>name</key>
			<string>AppKit.framework</string>
			<key>path</key>
			<string>/System/Library/Frameworks/AppKit.framework</string>
			<key>sourceTree</key>
			<string>&lt;absolute&gt;</string>
		</dict>
		<key>08FB77AFFE84173DC02AAC07</key>
		<dict>
			<key>children</key>
			<array>
				<string>AB2C26750677B0C400A08910</string>
			</array>
			<key>isa</key>
			<string>PBXGroup</string>
			<key>name</key>
			<string>Classes</string>
			<key>sourceTree</key>
			<string>&lt;group&gt;</string>
		</dict>
		<key>1058C7ACFEA557BF11CA2CBB</key>
		<dict>
			<key>children</key>
			<array>
				<string>1058C7ADFEA557BF11CA2CBB</string>
			</array>
			<key>isa</key>
			<string>PBXGroup</string>
			<key>name</key>
			<string>Linked Frameworks</string>
			<key>sourceTree</key>
			<string>&lt;group&gt;</string>
		</dict>
		<key>1058C7ADFEA557BF11CA2CBB</key>
		<dict>
			<key>isa</key>
			<string>PBXFileReference</string>
			<key>lastKnownFileType</key>
			<string>wrapper.framework</string>
			<key>name</key>
			<string>Cocoa.framework</string>
			<key>path</key>
			<string>/System/Library/Frameworks/Cocoa.framework</string>
			<key>sourceTree</key>
			<string>&lt;absolute&gt;</string>
		</dict>
		<key>1058C7AEFEA557BF11CA2CBB</key>
		<dict>
			<key>children</key>
			<array>
				<string>089C1672FE841209C02AAC07</string>
				<string>089C167FFE841241C02AAC07</string>
			</array>
			<key>isa</key>
			<string>PBXGroup</string>
			<key>name</key>
			<string>Other Frameworks</string>
			<key>sourceTree</key>
			<string>&lt;group&gt;</string>
		</dict>
		<key>19C28FB8FE9D52D311CA2CBB</key>
		<dict>
			<key>children</key>
			<array>
				<string>AB5D36050680E57E00F4007A</string>
			</array>
			<key>isa</key>
			<string>PBXGroup</string>
			<key>name</key>
			<string>Products</string>
			<key>sourceTree</key>
			<string>&lt;group&gt;</string>
		</dict>
		<key>32C88E010371C26100C91783</key>
		<dict>
			<key>children</key>
			<array>
				<string>32DBCF630370AF2F00C91783</string>
			</array>
			<key>isa</key>
			<string>PBXGroup</string>
			<key>name</key>
			<string>Other Sources</string>
			<key>sourceTree</key>
			<string>&lt;group&gt;</string>
		</dict>
		<key>32DBCF630370AF2F00C91783</key>
		<dict>
			<key>fileEncoding</key>
			<string>4</string>
			<key>isa</key>
			<string>PBXFileReference</string>
			<key>lastKnownFileType</key>
			<string>sourcecode.c.h</string>
			<key>path</key>
			<string>Radiopaedia_Prefix.pch</string>
			<key>sourceTree</key>
			<string>&lt;group&gt;</string>
		</dict>
		<key>4694CB08B69F54A79E41AF15</key>
		<dict>
			<key>buildActionMask</key>
			<string>2147483647</string>
			<key>files</key>
			<array/>
			<key>inputPaths</key>
			<array/>
			<key>isa</key>
			<string>PBXShellScriptBuildPhase</string>
			<key>name</key>
			<string>Copy Pods Resources</string>
			<key>outputPaths</key>
			<array/>
			<key>runOnlyForDeploymentPostprocessing</key>
			<string>0</string>
			<key>shellPath</key>
			<string>/bin/sh</string>
			<key>shellScript</key>
			<string>"${SRCROOT}/Pods/Target Support Files/Pods-Radiopaedia/Pods-Radiopaedia-resources.sh"
</string>
			<key>showEnvVarsInLog</key>
			<string>0</string>
		</dict>
		<key>58B8DB55B31DB2C55FFC7258</key>
		<dict>
			<key>buildActionMask</key>
			<string>2147483647</string>
			<key>files</key>
			<array/>
			<key>inputPaths</key>
			<array/>
			<key>isa</key>
			<string>PBXShellScriptBuildPhase</string>
			<key>name</key>
			<string>Check Pods Manifest.lock</string>
			<key>outputPaths</key>
			<array/>
			<key>runOnlyForDeploymentPostprocessing</key>
			<string>0</string>
			<key>shellPath</key>
			<string>/bin/sh</string>
			<key>shellScript</key>
			<string>diff "${PODS_ROOT}/../Podfile.lock" "${PODS_ROOT}/Manifest.lock" &gt; /dev/null
if [[ $? != 0 ]] ; then
    cat &lt;&lt; EOM
error: The sandbox is not in sync with the Podfile.lock. Run 'pod install' or update your CocoaPods installation.
EOM
    exit 1
fi
</string>
			<key>showEnvVarsInLog</key>
			<string>0</string>
		</dict>
		<key>5B4939016C0CB7068EB11C88</key>
		<dict>
			<key>fileRef</key>
			<string>B41D9BEC8336F0A9EF3A4E0C</string>
			<key>isa</key>
			<string>PBXBuildFile</string>
		</dict>
		<key>6BD8FF33642867D5227137D1</key>
		<dict>
			<key>children</key>
			<array>
				<string>945246E181093CB1FC84250B</string>
				<string>6D5D364D27888A7BB5643472</string>
			</array>
			<key>isa</key>
			<string>PBXGroup</string>
			<key>name</key>
			<string>Pods</string>
			<key>sourceTree</key>
			<string>&lt;group&gt;</string>
		</dict>
		<key>6D5D364D27888A7BB5643472</key>
		<dict>
			<key>includeInIndex</key>
			<string>1</string>
			<key>isa</key>
			<string>PBXFileReference</string>
			<key>lastKnownFileType</key>
			<string>text.xcconfig</string>
			<key>name</key>
			<string>Pods-Radiopaedia.deployment.xcconfig</string>
			<key>path</key>
			<string>Pods/Target Support Files/Pods-Radiopaedia/Pods-Radiopaedia.deployment.xcconfig</string>
			<key>sourceTree</key>
			<string>&lt;group&gt;</string>
		</dict>
		<key>838C0B8C7E003A2F66C9217C</key>
		<dict>
			<key>children</key>
			<array>
				<string>B41D9BEC8336F0A9EF3A4E0C</string>
			</array>
			<key>isa</key>
			<string>PBXGroup</string>
			<key>name</key>
			<string>Frameworks</string>
			<key>sourceTree</key>
			<string>&lt;group&gt;</string>
		</dict>
		<key>8420023112E829A200E1E9CE</key>
		<dict>
			<key>isa</key>
			<string>PBXFileReference</string>
			<key>lastKnownFileType</key>
			<string>wrapper.framework</string>
			<key>path</key>
			<string>OsiriXAPI.framework</string>
			<key>sourceTree</key>
			<string>&lt;group&gt;</string>
		</dict>
		<key>8420023212E829A200E1E9CE</key>
		<dict>
			<key>fileRef</key>
			<string>8420023112E829A200E1E9CE</string>
			<key>isa</key>
			<string>PBXBuildFile</string>
			<key>settings</key>
			<dict>
				<key>ATTRIBUTES</key>
				<array>
					<string>Required</string>
				</array>
			</dict>
		</dict>
		<key>8D5B49AC048680CD000E48DA</key>
		<dict>
			<key>buildConfigurationList</key>
			<string>CE6A9A9008AC841300D0C1EE</string>
			<key>buildPhases</key>
			<array>
				<string>58B8DB55B31DB2C55FFC7258</string>
				<string>8D5B49AD048680CD000E48DA</string>
				<string>8D5B49AF048680CD000E48DA</string>
				<string>8D5B49B1048680CD000E48DA</string>
				<string>8D5B49B3048680CD000E48DA</string>
				<string>8D5B49B5048680CD000E48DA</string>
				<string>4694CB08B69F54A79E41AF15</string>
			</array>
			<key>buildRules</key>
			<array/>
			<key>dependencies</key>
			<array/>
			<key>isa</key>
			<string>PBXNativeTarget</string>
			<key>name</key>
			<string>Radiopaedia</string>
			<key>productInstallPath</key>
			<string>$(HOME)/Library/Bundles</string>
			<key>productName</key>
			<string>Invert</string>
			<key>productReference</key>
			<string>AB5D36050680E57E00F4007A</string>
			<key>productType</key>
			<string>com.apple.product-type.bundle</string>
		</dict>
		<key>8D5B49AD048680CD000E48DA</key>
		<dict>
			<key>buildActionMask</key>
			<string>2147483647</string>
			<key>files</key>
			<array>
				<string>C3C4CCF21C6B702B00A8688B</string>
				<string>C3C4CD0F1C6B703500A8688B</string>
				<string>C3C4CD0B1C6B703500A8688B</string>
				<string>8D5B49AE048680CD000E48DA</string>
				<string>C3C4CD071C6B703500A8688B</string>
				<string>C3C4CD151C6B703500A8688B</string>
				<string>C3C4CD1B1C6B70B200A8688B</string>
				<string>C3C4CCF41C6B702B00A8688B</string>
				<string>ABA48A650680BB600089EB4F</string>
				<string>C3C4CD091C6B703500A8688B</string>
				<string>C3C4CD131C6B703500A8688B</string>
				<string>C3C4CD111C6B703500A8688B</string>
				<string>C3C4CD0D1C6B703500A8688B</string>
			</array>
			<key>isa</key>
			<string>PBXHeadersBuildPhase</string>
			<key>runOnlyForDeploymentPostprocessing</key>
			<string>0</string>
		</dict>
		<key>8D5B49AE048680CD000E48DA</key>
		<dict>
			<key>fileRef</key>
			<string>32DBCF630370AF2F00C91783</string>
			<key>isa</key>
			<string>PBXBuildFile</string>
		</dict>
		<key>8D5B49AF048680CD000E48DA</key>
		<dict>
			<key>buildActionMask</key>
			<string>2147483647</string>
			<key>files</key>
			<array>
				<string>8D5B49B0048680CD000E48DA</string>
				<string>C3C4CD1A1C6B70B200A8688B</string>
			</array>
			<key>isa</key>
			<string>PBXResourcesBuildPhase</string>
			<key>runOnlyForDeploymentPostprocessing</key>
			<string>0</string>
		</dict>
		<key>8D5B49B0048680CD000E48DA</key>
		<dict>
			<key>fileRef</key>
			<string>089C167DFE841241C02AAC07</string>
			<key>isa</key>
			<string>PBXBuildFile</string>
		</dict>
		<key>8D5B49B1048680CD000E48DA</key>
		<dict>
			<key>buildActionMask</key>
			<string>2147483647</string>
			<key>files</key>
			<array>
				<string>C3C4CD161C6B703500A8688B</string>
				<string>C3C4CD081C6B703500A8688B</string>
				<string>C3C4CD141C6B703500A8688B</string>
				<string>C3C4CD121C6B703500A8688B</string>
				<string>C3C4CD0E1C6B703500A8688B</string>
				<string>C3C4CD1C1C6B70B200A8688B</string>
				<string>ABA48A670680BB690089EB4F</string>
				<string>C3C4CD0C1C6B703500A8688B</string>
				<string>C3C4CD101C6B703500A8688B</string>
				<string>C3C4CCF51C6B702B00A8688B</string>
				<string>C3C4CCF31C6B702B00A8688B</string>
				<string>C3C4CD0A1C6B703500A8688B</string>
			</array>
			<key>isa</key>
			<string>PBXSourcesBuildPhase</string>
			<key>runOnlyForDeploymentPostprocessing</key>
			<string>0</string>
		</dict>
		<key>8D5B49B3048680CD000E48DA</key>
		<dict>
			<key>buildActionMask</key>
			<string>2147483647</string>
			<key>files</key>
			<array>
				<string>8D5B49B4048680CD000E48DA</string>
				<string>8420023212E829A200E1E9CE</string>
				<string>5B4939016C0CB7068EB11C88</string>
			</array>
			<key>isa</key>
			<string>PBXFrameworksBuildPhase</string>
			<key>runOnlyForDeploymentPostprocessing</key>
			<string>0</string>
		</dict>
		<key>8D5B49B4048680CD000E48DA</key>
		<dict>
			<key>fileRef</key>
			<string>1058C7ADFEA557BF11CA2CBB</string>
			<key>isa</key>
			<string>PBXBuildFile</string>
		</dict>
		<key>8D5B49B5048680CD000E48DA</key>
		<dict>
			<key>buildActionMask</key>
			<string>2147483647</string>
			<key>files</key>
			<array/>
			<key>isa</key>
			<string>PBXRezBuildPhase</string>
			<key>runOnlyForDeploymentPostprocessing</key>
			<string>0</string>
		</dict>
		<key>8D5B49B7048680CD000E48DA</key>
		<dict>
			<key>fileEncoding</key>
			<string>4</string>
			<key>isa</key>
			<string>PBXFileReference</string>
			<key>lastKnownFileType</key>
			<string>text.plist.xml</string>
			<key>path</key>
			<string>Info.plist</string>
			<key>sourceTree</key>
			<string>&lt;group&gt;</string>
		</dict>
		<key>945246E181093CB1FC84250B</key>
		<dict>
			<key>includeInIndex</key>
			<string>1</string>
			<key>isa</key>
			<string>PBXFileReference</string>
			<key>lastKnownFileType</key>
			<string>text.xcconfig</string>
			<key>name</key>
			<string>Pods-Radiopaedia.development.xcconfig</string>
			<key>path</key>
			<string>Pods/Target Support Files/Pods-Radiopaedia/Pods-Radiopaedia.development.xcconfig</string>
			<key>sourceTree</key>
			<string>&lt;group&gt;</string>
		</dict>
		<key>AB2C26750677B0C400A08910</key>
		<dict>
			<key>children</key>
			<array>
				<string>C3C4CCF71C6B703500A8688B</string>
				<string>C3C4CCF81C6B703500A8688B</string>
				<string>C3C4CCF91C6B703500A8688B</string>
				<string>C3C4CCFA1C6B703500A8688B</string>
				<string>C3C4CCFB1C6B703500A8688B</string>
				<string>C3C4CCFC1C6B703500A8688B</string>
				<string>C3C4CCFD1C6B703500A8688B</string>
				<string>C3C4CCFE1C6B703500A8688B</string>
				<string>C3C4CCFF1C6B703500A8688B</string>
				<string>C3C4CD001C6B703500A8688B</string>
				<string>C3C4CD011C6B703500A8688B</string>
				<string>C3C4CD021C6B703500A8688B</string>
				<string>C3C4CD031C6B703500A8688B</string>
				<string>C3C4CD041C6B703500A8688B</string>
				<string>C3C4CD051C6B703500A8688B</string>
				<string>C3C4CD061C6B703500A8688B</string>
				<string>C3C4CCED1C6B702B00A8688B</string>
				<string>C3C4CCEE1C6B702B00A8688B</string>
				<string>C3C4CCEF1C6B702B00A8688B</string>
				<string>C3C4CCF01C6B702B00A8688B</string>
				<string>C3C4CD171C6B70B200A8688B</string>
				<string>C3C4CD181C6B70B200A8688B</string>
				<string>C3C4CD191C6B70B200A8688B</string>
				<string>ABA48A640680BB600089EB4F</string>
				<string>ABA48A660680BB690089EB4F</string>
			</array>
			<key>isa</key>
			<string>PBXGroup</string>
			<key>name</key>
			<string>RadiopaediaFilter</string>
			<key>sourceTree</key>
			<string>&lt;group&gt;</string>
		</dict>
		<key>AB5D36050680E57E00F4007A</key>
		<dict>
			<key>explicitFileType</key>
			<string>wrapper.cfbundle</string>
			<key>includeInIndex</key>
			<string>0</string>
			<key>isa</key>
			<string>PBXFileReference</string>
			<key>path</key>
			<string>Radiopaedia.osirixplugin</string>
			<key>sourceTree</key>
			<string>BUILT_PRODUCTS_DIR</string>
		</dict>
		<key>ABA48A640680BB600089EB4F</key>
		<dict>
			<key>fileEncoding</key>
			<string>30</string>
			<key>isa</key>
			<string>PBXFileReference</string>
			<key>lastKnownFileType</key>
			<string>sourcecode.c.h</string>
			<key>path</key>
			<string>RadiopaediaFilter.h</string>
			<key>sourceTree</key>
			<string>&lt;group&gt;</string>
		</dict>
		<key>ABA48A650680BB600089EB4F</key>
		<dict>
			<key>fileRef</key>
			<string>ABA48A640680BB600089EB4F</string>
			<key>isa</key>
			<string>PBXBuildFile</string>
		</dict>
		<key>ABA48A660680BB690089EB4F</key>
		<dict>
			<key>fileEncoding</key>
			<string>4</string>
			<key>isa</key>
			<string>PBXFileReference</string>
			<key>lastKnownFileType</key>
			<string>sourcecode.c.objc</string>
			<key>path</key>
			<string>RadiopaediaFilter.m</string>
			<key>sourceTree</key>
			<string>&lt;group&gt;</string>
		</dict>
		<key>ABA48A670680BB690089EB4F</key>
		<dict>
			<key>fileRef</key>
			<string>ABA48A660680BB690089EB4F</string>
			<key>isa</key>
			<string>PBXBuildFile</string>
		</dict>
		<key>B41D9BEC8336F0A9EF3A4E0C</key>
		<dict>
			<key>explicitFileType</key>
			<string>archive.ar</string>
			<key>includeInIndex</key>
			<string>0</string>
			<key>isa</key>
			<string>PBXFileReference</string>
			<key>path</key>
			<string>libPods-Radiopaedia.a</string>
			<key>sourceTree</key>
			<string>BUILT_PRODUCTS_DIR</string>
		</dict>
		<key>C3C4CCED1C6B702B00A8688B</key>
		<dict>
			<key>fileEncoding</key>
			<string>4</string>
			<key>isa</key>
			<string>PBXFileReference</string>
			<key>lastKnownFileType</key>
			<string>sourcecode.c.h</string>
			<key>name</key>
			<string>GTMOAuth2Authentication.h</string>
			<key>path</key>
			<string>/Users/Administrator/Documents/Radiopaedia-old/Pods/gtm-oauth2/Source/GTMOAuth2Authentication.h</string>
			<key>sourceTree</key>
			<string>&lt;absolute&gt;</string>
		</dict>
		<key>C3C4CCEE1C6B702B00A8688B</key>
		<dict>
			<key>fileEncoding</key>
			<string>4</string>
			<key>isa</key>
			<string>PBXFileReference</string>
			<key>lastKnownFileType</key>
			<string>sourcecode.c.objc</string>
			<key>name</key>
			<string>GTMOAuth2Authentication.m</string>
			<key>path</key>
			<string>/Users/Administrator/Documents/Radiopaedia-old/Pods/gtm-oauth2/Source/GTMOAuth2Authentication.m</string>
			<key>sourceTree</key>
			<string>&lt;absolute&gt;</string>
		</dict>
		<key>C3C4CCEF1C6B702B00A8688B</key>
		<dict>
			<key>fileEncoding</key>
			<string>4</string>
			<key>isa</key>
			<string>PBXFileReference</string>
			<key>lastKnownFileType</key>
			<string>sourcecode.c.h</string>
			<key>name</key>
			<string>GTMOAuth2SignIn.h</string>
			<key>path</key>
			<string>/Users/Administrator/Documents/Radiopaedia-old/Pods/gtm-oauth2/Source/GTMOAuth2SignIn.h</string>
			<key>sourceTree</key>
			<string>&lt;absolute&gt;</string>
		</dict>
		<key>C3C4CCF01C6B702B00A8688B</key>
		<dict>
			<key>fileEncoding</key>
			<string>4</string>
			<key>isa</key>
			<string>PBXFileReference</string>
			<key>lastKnownFileType</key>
			<string>sourcecode.c.objc</string>
			<key>name</key>
			<string>GTMOAuth2SignIn.m</string>
			<key>path</key>
			<string>/Users/Administrator/Documents/Radiopaedia-old/Pods/gtm-oauth2/Source/GTMOAuth2SignIn.m</string>
			<key>sourceTree</key>
			<string>&lt;absolute&gt;</string>
		</dict>
		<key>C3C4CCF21C6B702B00A8688B</key>
		<dict>
			<key>fileRef</key>
			<string>C3C4CCED1C6B702B00A8688B</string>
			<key>isa</key>
			<string>PBXBuildFile</string>
		</dict>
		<key>C3C4CCF31C6B702B00A8688B</key>
		<dict>
			<key>fileRef</key>
			<string>C3C4CCEE1C6B702B00A8688B</string>
			<key>isa</key>
			<string>PBXBuildFile</string>
		</dict>
		<key>C3C4CCF41C6B702B00A8688B</key>
		<dict>
			<key>fileRef</key>
			<string>C3C4CCEF1C6B702B00A8688B</string>
			<key>isa</key>
			<string>PBXBuildFile</string>
		</dict>
		<key>C3C4CCF51C6B702B00A8688B</key>
		<dict>
			<key>fileRef</key>
			<string>C3C4CCF01C6B702B00A8688B</string>
			<key>isa</key>
			<string>PBXBuildFile</string>
		</dict>
		<key>C3C4CCF71C6B703500A8688B</key>
		<dict>
			<key>fileEncoding</key>
			<string>4</string>
			<key>isa</key>
			<string>PBXFileReference</string>
			<key>lastKnownFileType</key>
			<string>sourcecode.c.h</string>
			<key>name</key>
			<string>GTMGatherInputStream.h</string>
			<key>path</key>
			<string>/Users/Administrator/Documents/Radiopaedia-old/Pods/gtm-http-fetcher/Source/GTMGatherInputStream.h</string>
			<key>sourceTree</key>
			<string>&lt;absolute&gt;</string>
		</dict>
		<key>C3C4CCF81C6B703500A8688B</key>
		<dict>
			<key>fileEncoding</key>
			<string>4</string>
			<key>isa</key>
			<string>PBXFileReference</string>
			<key>lastKnownFileType</key>
			<string>sourcecode.c.objc</string>
			<key>name</key>
			<string>GTMGatherInputStream.m</string>
			<key>path</key>
			<string>/Users/Administrator/Documents/Radiopaedia-old/Pods/gtm-http-fetcher/Source/GTMGatherInputStream.m</string>
			<key>sourceTree</key>
			<string>&lt;absolute&gt;</string>
		</dict>
		<key>C3C4CCF91C6B703500A8688B</key>
		<dict>
			<key>fileEncoding</key>
			<string>4</string>
			<key>isa</key>
			<string>PBXFileReference</string>
			<key>lastKnownFileType</key>
			<string>sourcecode.c.h</string>
			<key>name</key>
			<string>GTMHTTPFetcher.h</string>
			<key>path</key>
			<string>/Users/Administrator/Documents/Radiopaedia-old/Pods/gtm-http-fetcher/Source/GTMHTTPFetcher.h</string>
			<key>sourceTree</key>
			<string>&lt;absolute&gt;</string>
		</dict>
		<key>C3C4CCFA1C6B703500A8688B</key>
		<dict>
			<key>fileEncoding</key>
			<string>4</string>
			<key>isa</key>
			<string>PBXFileReference</string>
			<key>lastKnownFileType</key>
			<string>sourcecode.c.objc</string>
			<key>name</key>
			<string>GTMHTTPFetcher.m</string>
			<key>path</key>
			<string>/Users/Administrator/Documents/Radiopaedia-old/Pods/gtm-http-fetcher/Source/GTMHTTPFetcher.m</string>
			<key>sourceTree</key>
			<string>&lt;absolute&gt;</string>
		</dict>
		<key>C3C4CCFB1C6B703500A8688B</key>
		<dict>
			<key>fileEncoding</key>
			<string>4</string>
			<key>isa</key>
			<string>PBXFileReference</string>
			<key>lastKnownFileType</key>
			<string>sourcecode.c.h</string>
			<key>name</key>
			<string>GTMHTTPFetcherLogging.h</string>
			<key>path</key>
			<string>/Users/Administrator/Documents/Radiopaedia-old/Pods/gtm-http-fetcher/Source/GTMHTTPFetcherLogging.h</string>
			<key>sourceTree</key>
			<string>&lt;absolute&gt;</string>
		</dict>
		<key>C3C4CCFC1C6B703500A8688B</key>
		<dict>
			<key>fileEncoding</key>
			<string>4</string>
			<key>isa</key>
			<string>PBXFileReference</string>
			<key>lastKnownFileType</key>
			<string>sourcecode.c.objc</string>
			<key>name</key>
			<string>GTMHTTPFetcherLogging.m</string>
			<key>path</key>
			<string>/Users/Administrator/Documents/Radiopaedia-old/Pods/gtm-http-fetcher/Source/GTMHTTPFetcherLogging.m</string>
			<key>sourceTree</key>
			<string>&lt;absolute&gt;</string>
		</dict>
		<key>C3C4CCFD1C6B703500A8688B</key>
		<dict>
			<key>fileEncoding</key>
			<string>4</string>
			<key>isa</key>
			<string>PBXFileReference</string>
			<key>lastKnownFileType</key>
			<string>sourcecode.c.h</string>
			<key>name</key>
			<string>GTMHTTPFetcherService.h</string>
			<key>path</key>
			<string>/Users/Administrator/Documents/Radiopaedia-old/Pods/gtm-http-fetcher/Source/GTMHTTPFetcherService.h</string>
			<key>sourceTree</key>
			<string>&lt;absolute&gt;</string>
		</dict>
		<key>C3C4CCFE1C6B703500A8688B</key>
		<dict>
			<key>fileEncoding</key>
			<string>4</string>
			<key>isa</key>
			<string>PBXFileReference</string>
			<key>lastKnownFileType</key>
			<string>sourcecode.c.objc</string>
			<key>name</key>
			<string>GTMHTTPFetcherService.m</string>
			<key>path</key>
			<string>/Users/Administrator/Documents/Radiopaedia-old/Pods/gtm-http-fetcher/Source/GTMHTTPFetcherService.m</string>
			<key>sourceTree</key>
			<string>&lt;absolute&gt;</string>
		</dict>
		<key>C3C4CCFF1C6B703500A8688B</key>
		<dict>
			<key>fileEncoding</key>
			<string>4</string>
			<key>isa</key>
			<string>PBXFileReference</string>
			<key>lastKnownFileType</key>
			<string>sourcecode.c.h</string>
			<key>name</key>
			<string>GTMHTTPFetchHistory.h</string>
			<key>path</key>
			<string>/Users/Administrator/Documents/Radiopaedia-old/Pods/gtm-http-fetcher/Source/GTMHTTPFetchHistory.h</string>
			<key>sourceTree</key>
			<string>&lt;absolute&gt;</string>
		</dict>
		<key>C3C4CD001C6B703500A8688B</key>
		<dict>
			<key>fileEncoding</key>
			<string>4</string>
			<key>isa</key>
			<string>PBXFileReference</string>
			<key>lastKnownFileType</key>
			<string>sourcecode.c.objc</string>
			<key>name</key>
			<string>GTMHTTPFetchHistory.m</string>
			<key>path</key>
			<string>/Users/Administrator/Documents/Radiopaedia-old/Pods/gtm-http-fetcher/Source/GTMHTTPFetchHistory.m</string>
			<key>sourceTree</key>
			<string>&lt;absolute&gt;</string>
		</dict>
		<key>C3C4CD011C6B703500A8688B</key>
		<dict>
			<key>fileEncoding</key>
			<string>4</string>
			<key>isa</key>
			<string>PBXFileReference</string>
			<key>lastKnownFileType</key>
			<string>sourcecode.c.h</string>
			<key>name</key>
			<string>GTMHTTPUploadFetcher.h</string>
			<key>path</key>
			<string>/Users/Administrator/Documents/Radiopaedia-old/Pods/gtm-http-fetcher/Source/GTMHTTPUploadFetcher.h</string>
			<key>sourceTree</key>
			<string>&lt;absolute&gt;</string>
		</dict>
		<key>C3C4CD021C6B703500A8688B</key>
		<dict>
			<key>fileEncoding</key>
			<string>4</string>
			<key>isa</key>
			<string>PBXFileReference</string>
			<key>lastKnownFileType</key>
			<string>sourcecode.c.objc</string>
			<key>name</key>
			<string>GTMHTTPUploadFetcher.m</string>
			<key>path</key>
			<string>/Users/Administrator/Documents/Radiopaedia-old/Pods/gtm-http-fetcher/Source/GTMHTTPUploadFetcher.m</string>
			<key>sourceTree</key>
			<string>&lt;absolute&gt;</string>
		</dict>
		<key>C3C4CD031C6B703500A8688B</key>
		<dict>
			<key>fileEncoding</key>
			<string>4</string>
			<key>isa</key>
			<string>PBXFileReference</string>
			<key>lastKnownFileType</key>
			<string>sourcecode.c.h</string>
			<key>name</key>
			<string>GTMMIMEDocument.h</string>
			<key>path</key>
			<string>/Users/Administrator/Documents/Radiopaedia-old/Pods/gtm-http-fetcher/Source/GTMMIMEDocument.h</string>
			<key>sourceTree</key>
			<string>&lt;absolute&gt;</string>
		</dict>
		<key>C3C4CD041C6B703500A8688B</key>
		<dict>
			<key>fileEncoding</key>
			<string>4</string>
			<key>isa</key>
			<string>PBXFileReference</string>
			<key>lastKnownFileType</key>
			<string>sourcecode.c.objc</string>
			<key>name</key>
			<string>GTMMIMEDocument.m</string>
			<key>path</key>
			<string>/Users/Administrator/Documents/Radiopaedia-old/Pods/gtm-http-fetcher/Source/GTMMIMEDocument.m</string>
			<key>sourceTree</key>
			<string>&lt;absolute&gt;</string>
		</dict>
		<key>C3C4CD051C6B703500A8688B</key>
		<dict>
			<key>fileEncoding</key>
			<string>4</string>
			<key>isa</key>
			<string>PBXFileReference</string>
			<key>lastKnownFileType</key>
			<string>sourcecode.c.h</string>
			<key>name</key>
			<string>GTMReadMonitorInputStream.h</string>
			<key>path</key>
			<string>/Users/Administrator/Documents/Radiopaedia-old/Pods/gtm-http-fetcher/Source/GTMReadMonitorInputStream.h</string>
			<key>sourceTree</key>
			<string>&lt;absolute&gt;</string>
		</dict>
		<key>C3C4CD061C6B703500A8688B</key>
		<dict>
			<key>fileEncoding</key>
			<string>4</string>
			<key>isa</key>
			<string>PBXFileReference</string>
			<key>lastKnownFileType</key>
			<string>sourcecode.c.objc</string>
			<key>name</key>
			<string>GTMReadMonitorInputStream.m</string>
			<key>path</key>
			<string>/Users/Administrator/Documents/Radiopaedia-old/Pods/gtm-http-fetcher/Source/GTMReadMonitorInputStream.m</string>
			<key>sourceTree</key>
			<string>&lt;absolute&gt;</string>
		</dict>
		<key>C3C4CD071C6B703500A8688B</key>
		<dict>
			<key>fileRef</key>
			<string>C3C4CCF71C6B703500A8688B</string>
			<key>isa</key>
			<string>PBXBuildFile</string>
		</dict>
		<key>C3C4CD081C6B703500A8688B</key>
		<dict>
			<key>fileRef</key>
			<string>C3C4CCF81C6B703500A8688B</string>
			<key>isa</key>
			<string>PBXBuildFile</string>
		</dict>
		<key>C3C4CD091C6B703500A8688B</key>
		<dict>
			<key>fileRef</key>
			<string>C3C4CCF91C6B703500A8688B</string>
			<key>isa</key>
			<string>PBXBuildFile</string>
		</dict>
		<key>C3C4CD0A1C6B703500A8688B</key>
		<dict>
			<key>fileRef</key>
			<string>C3C4CCFA1C6B703500A8688B</string>
			<key>isa</key>
			<string>PBXBuildFile</string>
		</dict>
		<key>C3C4CD0B1C6B703500A8688B</key>
		<dict>
			<key>fileRef</key>
			<string>C3C4CCFB1C6B703500A8688B</string>
			<key>isa</key>
			<string>PBXBuildFile</string>
		</dict>
		<key>C3C4CD0C1C6B703500A8688B</key>
		<dict>
			<key>fileRef</key>
			<string>C3C4CCFC1C6B703500A8688B</string>
			<key>isa</key>
			<string>PBXBuildFile</string>
		</dict>
		<key>C3C4CD0D1C6B703500A8688B</key>
		<dict>
			<key>fileRef</key>
			<string>C3C4CCFD1C6B703500A8688B</string>
			<key>isa</key>
			<string>PBXBuildFile</string>
		</dict>
		<key>C3C4CD0E1C6B703500A8688B</key>
		<dict>
			<key>fileRef</key>
			<string>C3C4CCFE1C6B703500A8688B</string>
			<key>isa</key>
			<string>PBXBuildFile</string>
		</dict>
		<key>C3C4CD0F1C6B703500A8688B</key>
		<dict>
			<key>fileRef</key>
			<string>C3C4CCFF1C6B703500A8688B</string>
			<key>isa</key>
			<string>PBXBuildFile</string>
		</dict>
		<key>C3C4CD101C6B703500A8688B</key>
		<dict>
			<key>fileRef</key>
			<string>C3C4CD001C6B703500A8688B</string>
			<key>isa</key>
			<string>PBXBuildFile</string>
		</dict>
		<key>C3C4CD111C6B703500A8688B</key>
		<dict>
			<key>fileRef</key>
			<string>C3C4CD011C6B703500A8688B</string>
			<key>isa</key>
			<string>PBXBuildFile</string>
		</dict>
		<key>C3C4CD121C6B703500A8688B</key>
		<dict>
			<key>fileRef</key>
			<string>C3C4CD021C6B703500A8688B</string>
			<key>isa</key>
			<string>PBXBuildFile</string>
		</dict>
		<key>C3C4CD131C6B703500A8688B</key>
		<dict>
			<key>fileRef</key>
			<string>C3C4CD031C6B703500A8688B</string>
			<key>isa</key>
			<string>PBXBuildFile</string>
		</dict>
		<key>C3C4CD141C6B703500A8688B</key>
		<dict>
			<key>fileRef</key>
			<string>C3C4CD041C6B703500A8688B</string>
			<key>isa</key>
			<string>PBXBuildFile</string>
		</dict>
		<key>C3C4CD151C6B703500A8688B</key>
		<dict>
			<key>fileRef</key>
			<string>C3C4CD051C6B703500A8688B</string>
			<key>isa</key>
			<string>PBXBuildFile</string>
		</dict>
		<key>C3C4CD161C6B703500A8688B</key>
		<dict>
			<key>fileRef</key>
			<string>C3C4CD061C6B703500A8688B</string>
			<key>isa</key>
			<string>PBXBuildFile</string>
		</dict>
		<key>C3C4CD171C6B70B200A8688B</key>
		<dict>
			<key>fileEncoding</key>
			<string>4</string>
			<key>isa</key>
			<string>PBXFileReference</string>
			<key>lastKnownFileType</key>
			<string>file.xib</string>
			<key>path</key>
			<string>GTMOAuth2Window.xib</string>
			<key>sourceTree</key>
			<string>&lt;group&gt;</string>
		</dict>
		<key>C3C4CD181C6B70B200A8688B</key>
		<dict>
			<key>fileEncoding</key>
			<string>4</string>
			<key>isa</key>
			<string>PBXFileReference</string>
			<key>lastKnownFileType</key>
			<string>sourcecode.c.h</string>
			<key>path</key>
			<string>GTMOAuth2WindowController.h</string>
			<key>sourceTree</key>
			<string>&lt;group&gt;</string>
		</dict>
		<key>C3C4CD191C6B70B200A8688B</key>
		<dict>
			<key>fileEncoding</key>
			<string>4</string>
			<key>isa</key>
			<string>PBXFileReference</string>
			<key>lastKnownFileType</key>
			<string>sourcecode.c.objc</string>
			<key>path</key>
			<string>GTMOAuth2WindowController.m</string>
			<key>sourceTree</key>
			<string>&lt;group&gt;</string>
		</dict>
		<key>C3C4CD1A1C6B70B200A8688B</key>
		<dict>
			<key>fileRef</key>
			<string>C3C4CD171C6B70B200A8688B</string>
			<key>isa</key>
			<string>PBXBuildFile</string>
		</dict>
		<key>C3C4CD1B1C6B70B200A8688B</key>
		<dict>
			<key>fileRef</key>
			<string>C3C4CD181C6B70B200A8688B</string>
			<key>isa</key>
			<string>PBXBuildFile</string>
		</dict>
		<key>C3C4CD1C1C6B70B200A8688B</key>
		<dict>
			<key>fileRef</key>
			<string>C3C4CD191C6B70B200A8688B</string>
			<key>isa</key>
			<string>PBXBuildFile</string>
		</dict>
		<key>CE6A9A9008AC841300D0C1EE</key>
		<dict>
			<key>buildConfigurations</key>
			<array>
				<string>CE6A9A9108AC841300D0C1EE</string>
				<string>CE6A9A9208AC841300D0C1EE</string>
			</array>
			<key>defaultConfigurationIsVisible</key>
			<string>0</string>
			<key>defaultConfigurationName</key>
			<string>Development</string>
			<key>isa</key>
			<string>XCConfigurationList</string>
		</dict>
		<key>CE6A9A9108AC841300D0C1EE</key>
		<dict>
			<key>baseConfigurationReference</key>
			<string>945246E181093CB1FC84250B</string>
			<key>buildSettings</key>
			<dict>
				<key>COMBINE_HIDPI_IMAGES</key>
				<string>YES</string>
				<key>COPY_PHASE_STRIP</key>
				<string>NO</string>
				<key>DEBUGGING_SYMBOLS</key>
				<string>YES</string>
				<key>FRAMEWORK_SEARCH_PATHS</key>
				<array>
					<string>$(inherited)</string>
					<string>"$(SRCROOT)"</string>
				</array>
				<key>GCC_DYNAMIC_NO_PIC</key>
				<string>NO</string>
				<key>GCC_ENABLE_FIX_AND_CONTINUE</key>
				<string>YES</string>
				<key>GCC_ENABLE_TRIGRAPHS</key>
				<string>NO</string>
				<key>GCC_GENERATE_DEBUGGING_SYMBOLS</key>
				<string>YES</string>
				<key>GCC_OPTIMIZATION_LEVEL</key>
				<string>0</string>
				<key>GCC_PRECOMPILE_PREFIX_HEADER</key>
				<string>YES</string>
				<key>GCC_PREFIX_HEADER</key>
				<string>Radiopaedia_Prefix.pch</string>
				<key>GCC_WARN_FOUR_CHARACTER_CONSTANTS</key>
				<string>NO</string>
				<key>GCC_WARN_UNKNOWN_PRAGMAS</key>
				<string>NO</string>
				<key>HEADER_SEARCH_PATHS</key>
				<string></string>
				<key>INFOPLIST_FILE</key>
				<string>Info.plist</string>
				<key>INSTALL_PATH</key>
				<string>@executable_path/../Plug-ins</string>
				<key>LIBRARY_SEARCH_PATHS</key>
				<string></string>
				<key>LIBRARY_STYLE</key>
				<string>Bundle</string>
				<key>MACOSX_DEPLOYMENT_TARGET</key>
				<string>10.11</string>
				<key>OTHER_CFLAGS</key>
				<string></string>
				<key>OTHER_LDFLAGS</key>
				<array>
					<string>-undefined</string>
					<string>dynamic_lookup</string>
				</array>
				<key>OTHER_REZFLAGS</key>
				<string></string>
				<key>PRODUCT_NAME</key>
				<string>Radiopaedia</string>
				<key>SDKROOT</key>
				<string>macosx</string>
				<key>SECTORDER_FLAGS</key>
				<string></string>
				<key>WARNING_CFLAGS</key>
				<array>
					<string>-Wmost</string>
					<string>-Wno-four-char-constants</string>
					<string>-Wno-unknown-pragmas</string>
				</array>
				<key>WRAPPER_EXTENSION</key>
				<string>osirixplugin</string>
				<key>ZERO_LINK</key>
				<string>NO</string>
			</dict>
			<key>isa</key>
			<string>XCBuildConfiguration</string>
			<key>name</key>
			<string>Development</string>
		</dict>
		<key>CE6A9A9208AC841300D0C1EE</key>
		<dict>
			<key>baseConfigurationReference</key>
			<string>6D5D364D27888A7BB5643472</string>
			<key>buildSettings</key>
			<dict>
				<key>COMBINE_HIDPI_IMAGES</key>
				<string>YES</string>
				<key>COPY_PHASE_STRIP</key>
				<string>YES</string>
				<key>FRAMEWORK_SEARCH_PATHS</key>
				<array>
					<string>$(inherited)</string>
					<string>"$(SRCROOT)"</string>
				</array>
				<key>GCC_ENABLE_FIX_AND_CONTINUE</key>
				<string>NO</string>
				<key>GCC_ENABLE_TRIGRAPHS</key>
				<string>NO</string>
				<key>GCC_PRECOMPILE_PREFIX_HEADER</key>
				<string>YES</string>
				<key>GCC_PREFIX_HEADER</key>
				<string>Radiopaedia_Prefix.pch</string>
				<key>GCC_WARN_FOUR_CHARACTER_CONSTANTS</key>
				<string>NO</string>
				<key>GCC_WARN_UNKNOWN_PRAGMAS</key>
				<string>NO</string>
				<key>HEADER_SEARCH_PATHS</key>
				<string></string>
				<key>INFOPLIST_FILE</key>
				<string>Info.plist</string>
				<key>INSTALL_PATH</key>
				<string>@executable_path/../Plug-ins</string>
				<key>LIBRARY_SEARCH_PATHS</key>
				<string></string>
				<key>LIBRARY_STYLE</key>
				<string>Bundle</string>
				<key>MACOSX_DEPLOYMENT_TARGET</key>
				<string>10.11</string>
				<key>OTHER_CFLAGS</key>
				<string></string>
				<key>OTHER_LDFLAGS</key>
				<array>
					<string>-undefined</string>
					<string>dynamic_lookup</string>
				</array>
				<key>OTHER_REZFLAGS</key>
				<string></string>
				<key>PRODUCT_NAME</key>
				<string>Radiopaedia</string>
				<key>SDKROOT</key>
				<string>macosx</string>
				<key>SECTORDER_FLAGS</key>
				<string></string>
				<key>WARNING_CFLAGS</key>
				<array>
					<string>-Wmost</string>
					<string>-Wno-four-char-constants</string>
					<string>-Wno-unknown-pragmas</string>
				</array>
				<key>WRAPPER_EXTENSION</key>
				<string>osirixplugin</string>
				<key>ZERO_LINK</key>
				<string>NO</string>
			</dict>
			<key>isa</key>
			<string>XCBuildConfiguration</string>
			<key>name</key>
			<string>Deployment</string>
		</dict>
		<key>CE6A9A9408AC841300D0C1EE</key>
		<dict>
			<key>buildConfigurations</key>
			<array>
				<string>CE6A9A9508AC841300D0C1EE</string>
				<string>CE6A9A9608AC841300D0C1EE</string>
			</array>
			<key>defaultConfigurationIsVisible</key>
			<string>0</string>
			<key>defaultConfigurationName</key>
			<string>Development</string>
			<key>isa</key>
			<string>XCConfigurationList</string>
		</dict>
		<key>CE6A9A9508AC841300D0C1EE</key>
		<dict>
			<key>buildSettings</key>
			<dict>
				<key>ENABLE_TESTABILITY</key>
				<string>YES</string>
				<key>GCC_PREPROCESSOR_DEFINITIONS</key>
				<string>GTM_ALLOW_INSECURE_REQUESTS=1</string>
				<key>MACOSX_DEPLOYMENT_TARGET</key>
				<string>10.11</string>
				<key>ONLY_ACTIVE_ARCH</key>
				<string>YES</string>
				<key>SDKROOT</key>
				<string>macosx</string>
			</dict>
			<key>isa</key>
			<string>XCBuildConfiguration</string>
			<key>name</key>
			<string>Development</string>
		</dict>
		<key>CE6A9A9608AC841300D0C1EE</key>
		<dict>
			<key>buildSettings</key>
			<dict>
				<key>GCC_PREPROCESSOR_DEFINITIONS</key>
				<string>GTM_ALLOW_INSECURE_REQUESTS=1</string>
				<key>MACOSX_DEPLOYMENT_TARGET</key>
				<string>10.11</string>
				<key>SDKROOT</key>
				<string>macosx</string>
			</dict>
			<key>isa</key>
			<string>XCBuildConfiguration</string>
			<key>name</key>
			<string>Deployment</string>
		</dict>
	</dict>
	<key>rootObject</key>
	<string>089C1669FE841209C02AAC07</string>
</dict>
</plist>
